
Microsoft Visual Studio Solution File, Format Version 12.00
# Visual Studio Version 16
VisualStudioVersion = 16.0.31624.102
MinimumVisualStudioVersion = 10.0.40219.1
Project("{FAE04EC0-301F-11D3-BF4B-00C04F79EFBC}") = "StackOverflow.Data", "StackOverflow.Data\StackOverflow.Data.csproj", "{068EFB8C-8E3E-43AF-A3E9-BF9E473CBA04}"
EndProject
Project("{FAE04EC0-301F-11D3-BF4B-00C04F79EFBC}") = "StackOverflow.Web", "StackOverflow.Web\StackOverflow.Web.csproj", "{9209AACE-AA01-45A9-8EDE-41F0E874E68C}"
EndProject
Global
	GlobalSection(SolutionConfigurationPlatforms) = preSolution
		Debug|Any CPU = Debug|Any CPU
		Release|Any CPU = Release|Any CPU
	EndGlobalSection
	GlobalSection(ProjectConfigurationPlatforms) = postSolution
		{068EFB8C-8E3E-43AF-A3E9-BF9E473CBA04}.Debug|Any CPU.ActiveCfg = Debug|Any CPU
		{068EFB8C-8E3E-43AF-A3E9-BF9E473CBA04}.Debug|Any CPU.Build.0 = Debug|Any CPU
		{068EFB8C-8E3E-43AF-A3E9-BF9E473CBA04}.Release|Any CPU.ActiveCfg = Release|Any CPU
		{068EFB8C-8E3E-43AF-A3E9-BF9E473CBA04}.Release|Any CPU.Build.0 = Release|Any CPU
		{9209AACE-AA01-45A9-8EDE-41F0E874E68C}.Debug|Any CPU.ActiveCfg = Debug|Any CPU
		{9209AACE-AA01-45A9-8EDE-41F0E874E68C}.Debug|Any CPU.Build.0 = Debug|Any CPU
		{9209AACE-AA01-45A9-8EDE-41F0E874E68C}.Release|Any CPU.ActiveCfg = Release|Any CPU
		{9209AACE-AA01-45A9-8EDE-41F0E874E68C}.Release|Any CPU.Build.0 = Release|Any CPU
	EndGlobalSection
	GlobalSection(SolutionProperties) = preSolution
		HideSolutionNode = FALSE
	EndGlobalSection
	GlobalSection(ExtensibilityGlobals) = postSolution
		SolutionGuid = {E8EC4FB3-C63B-4C71-9CF6-3E73FB92827F}
	EndGlobalSection
EndGlobal
